
Microsoft Visual Studio Solution File, Format Version 12.00
# Visual Studio 15
VisualStudioVersion = 15.0.28307.271
MinimumVisualStudioVersion = 10.0.40219.1
Project("{FAE04EC0-301F-11D3-BF4B-00C04F79EFBC}") = "WhiteSolution.Android", "core\WhiteSolution\WhiteSolution.Android\WhiteSolution.Android.csproj", "{1028B93F-48CD-4791-BCE6-A1409AF23B61}"
EndProject
Project("{FAE04EC0-301F-11D3-BF4B-00C04F79EFBC}") = "WhiteSolution.iOS", "core\WhiteSolution\WhiteSolution.iOS\WhiteSolution.iOS.csproj", "{C81ADCAE-23EE-428D-A422-980AFF1C6A14}"
EndProject
Project("{9A19103F-16F7-4668-BE54-9A1E7A4F7556}") = "WhiteSolution", "core\WhiteSolution\WhiteSolution\WhiteSolution.csproj", "{773E3369-4636-4D7F-9D15-84D4790999CB}"
EndProject
Project("{FAE04EC0-301F-11D3-BF4B-00C04F79EFBC}") = "WhiteSolutionUITest", "test\WhiteSolutionUITest\WhiteSolutionUITest.csproj", "{B19C892E-2628-4CA7-AD27-08D406A3B14B}"
EndProject
Project("{2150E333-8FDC-42A3-9474-1A3956D46DE8}") = "test", "test", "{3C87ADD6-671D-465A-A48F-585FA53A58A4}"
EndProject
Project("{2150E333-8FDC-42A3-9474-1A3956D46DE8}") = "core", "core", "{B1638A4B-8192-4C4A-9552-9B1B157CE1C6}"
EndProject
Project("{FAE04EC0-301F-11D3-BF4B-00C04F79EFBC}") = "WhiteSolutionUnitTest", "test\WhiteSolutionUnitTest\WhiteSolutionUnitTest.csproj", "{FB61D4C3-9A8D-4220-A240-715306A025AF}"
EndProject
Global
	GlobalSection(SolutionConfigurationPlatforms) = preSolution
		Ad-Hoc|Any CPU = Ad-Hoc|Any CPU
		Ad-Hoc|iPhone = Ad-Hoc|iPhone
		Ad-Hoc|iPhoneSimulator = Ad-Hoc|iPhoneSimulator
		AppStore|Any CPU = AppStore|Any CPU
		AppStore|iPhone = AppStore|iPhone
		AppStore|iPhoneSimulator = AppStore|iPhoneSimulator
		Debug|Any CPU = Debug|Any CPU
		Debug|iPhone = Debug|iPhone
		Debug|iPhoneSimulator = Debug|iPhoneSimulator
		Mock|Any CPU = Mock|Any CPU
		Mock|iPhone = Mock|iPhone
		Mock|iPhoneSimulator = Mock|iPhoneSimulator
		Release|Any CPU = Release|Any CPU
		Release|iPhone = Release|iPhone
		Release|iPhoneSimulator = Release|iPhoneSimulator
	EndGlobalSection
	GlobalSection(ProjectConfigurationPlatforms) = postSolution
		{1028B93F-48CD-4791-BCE6-A1409AF23B61}.Ad-Hoc|Any CPU.ActiveCfg = Release|Any CPU
		{1028B93F-48CD-4791-BCE6-A1409AF23B61}.Ad-Hoc|Any CPU.Build.0 = Release|Any CPU
		{1028B93F-48CD-4791-BCE6-A1409AF23B61}.Ad-Hoc|Any CPU.Deploy.0 = Release|Any CPU
		{1028B93F-48CD-4791-BCE6-A1409AF23B61}.Ad-Hoc|iPhone.ActiveCfg = Release|Any CPU
		{1028B93F-48CD-4791-BCE6-A1409AF23B61}.Ad-Hoc|iPhone.Build.0 = Release|Any CPU
		{1028B93F-48CD-4791-BCE6-A1409AF23B61}.Ad-Hoc|iPhone.Deploy.0 = Release|Any CPU
		{1028B93F-48CD-4791-BCE6-A1409AF23B61}.Ad-Hoc|iPhoneSimulator.ActiveCfg = Release|Any CPU
		{1028B93F-48CD-4791-BCE6-A1409AF23B61}.Ad-Hoc|iPhoneSimulator.Build.0 = Release|Any CPU
		{1028B93F-48CD-4791-BCE6-A1409AF23B61}.Ad-Hoc|iPhoneSimulator.Deploy.0 = Release|Any CPU
		{1028B93F-48CD-4791-BCE6-A1409AF23B61}.AppStore|Any CPU.ActiveCfg = Release|Any CPU
		{1028B93F-48CD-4791-BCE6-A1409AF23B61}.AppStore|Any CPU.Build.0 = Release|Any CPU
		{1028B93F-48CD-4791-BCE6-A1409AF23B61}.AppStore|Any CPU.Deploy.0 = Release|Any CPU
		{1028B93F-48CD-4791-BCE6-A1409AF23B61}.AppStore|iPhone.ActiveCfg = Release|Any CPU
		{1028B93F-48CD-4791-BCE6-A1409AF23B61}.AppStore|iPhone.Build.0 = Release|Any CPU
		{1028B93F-48CD-4791-BCE6-A1409AF23B61}.AppStore|iPhone.Deploy.0 = Release|Any CPU
		{1028B93F-48CD-4791-BCE6-A1409AF23B61}.AppStore|iPhoneSimulator.ActiveCfg = Release|Any CPU
		{1028B93F-48CD-4791-BCE6-A1409AF23B61}.AppStore|iPhoneSimulator.Build.0 = Release|Any CPU
		{1028B93F-48CD-4791-BCE6-A1409AF23B61}.AppStore|iPhoneSimulator.Deploy.0 = Release|Any CPU
		{1028B93F-48CD-4791-BCE6-A1409AF23B61}.Debug|Any CPU.ActiveCfg = Debug|Any CPU
		{1028B93F-48CD-4791-BCE6-A1409AF23B61}.Debug|Any CPU.Build.0 = Debug|Any CPU
		{1028B93F-48CD-4791-BCE6-A1409AF23B61}.Debug|Any CPU.Deploy.0 = Debug|Any CPU
		{1028B93F-48CD-4791-BCE6-A1409AF23B61}.Debug|iPhone.ActiveCfg = Debug|Any CPU
		{1028B93F-48CD-4791-BCE6-A1409AF23B61}.Debug|iPhone.Build.0 = Debug|Any CPU
		{1028B93F-48CD-4791-BCE6-A1409AF23B61}.Debug|iPhone.Deploy.0 = Debug|Any CPU
		{1028B93F-48CD-4791-BCE6-A1409AF23B61}.Debug|iPhoneSimulator.ActiveCfg = Debug|Any CPU
		{1028B93F-48CD-4791-BCE6-A1409AF23B61}.Debug|iPhoneSimulator.Build.0 = Debug|Any CPU
		{1028B93F-48CD-4791-BCE6-A1409AF23B61}.Debug|iPhoneSimulator.Deploy.0 = Debug|Any CPU
		{1028B93F-48CD-4791-BCE6-A1409AF23B61}.Mock|Any CPU.ActiveCfg = Mock|Any CPU
		{1028B93F-48CD-4791-BCE6-A1409AF23B61}.Mock|Any CPU.Build.0 = Mock|Any CPU
		{1028B93F-48CD-4791-BCE6-A1409AF23B61}.Mock|Any CPU.Deploy.0 = Mock|Any CPU
		{1028B93F-48CD-4791-BCE6-A1409AF23B61}.Mock|iPhone.ActiveCfg = Mock|Any CPU
		{1028B93F-48CD-4791-BCE6-A1409AF23B61}.Mock|iPhone.Build.0 = Mock|Any CPU
		{1028B93F-48CD-4791-BCE6-A1409AF23B61}.Mock|iPhone.Deploy.0 = Mock|Any CPU
		{1028B93F-48CD-4791-BCE6-A1409AF23B61}.Mock|iPhoneSimulator.ActiveCfg = Mock|Any CPU
		{1028B93F-48CD-4791-BCE6-A1409AF23B61}.Mock|iPhoneSimulator.Build.0 = Mock|Any CPU
		{1028B93F-48CD-4791-BCE6-A1409AF23B61}.Mock|iPhoneSimulator.Deploy.0 = Mock|Any CPU
		{1028B93F-48CD-4791-BCE6-A1409AF23B61}.Release|Any CPU.ActiveCfg = Release|Any CPU
		{1028B93F-48CD-4791-BCE6-A1409AF23B61}.Release|Any CPU.Build.0 = Release|Any CPU
		{1028B93F-48CD-4791-BCE6-A1409AF23B61}.Release|Any CPU.Deploy.0 = Release|Any CPU
		{1028B93F-48CD-4791-BCE6-A1409AF23B61}.Release|iPhone.ActiveCfg = Release|Any CPU
		{1028B93F-48CD-4791-BCE6-A1409AF23B61}.Release|iPhone.Build.0 = Release|Any CPU
		{1028B93F-48CD-4791-BCE6-A1409AF23B61}.Release|iPhone.Deploy.0 = Release|Any CPU
		{1028B93F-48CD-4791-BCE6-A1409AF23B61}.Release|iPhoneSimulator.ActiveCfg = Release|Any CPU
		{1028B93F-48CD-4791-BCE6-A1409AF23B61}.Release|iPhoneSimulator.Build.0 = Release|Any CPU
		{1028B93F-48CD-4791-BCE6-A1409AF23B61}.Release|iPhoneSimulator.Deploy.0 = Release|Any CPU
		{C81ADCAE-23EE-428D-A422-980AFF1C6A14}.Ad-Hoc|Any CPU.ActiveCfg = Ad-Hoc|iPhone
		{C81ADCAE-23EE-428D-A422-980AFF1C6A14}.Ad-Hoc|Any CPU.Build.0 = Ad-Hoc|iPhone
		{C81ADCAE-23EE-428D-A422-980AFF1C6A14}.Ad-Hoc|Any CPU.Deploy.0 = Ad-Hoc|iPhone
		{C81ADCAE-23EE-428D-A422-980AFF1C6A14}.Ad-Hoc|iPhone.ActiveCfg = Ad-Hoc|iPhone
		{C81ADCAE-23EE-428D-A422-980AFF1C6A14}.Ad-Hoc|iPhone.Build.0 = Ad-Hoc|iPhone
		{C81ADCAE-23EE-428D-A422-980AFF1C6A14}.Ad-Hoc|iPhone.Deploy.0 = Ad-Hoc|iPhone
		{C81ADCAE-23EE-428D-A422-980AFF1C6A14}.Ad-Hoc|iPhoneSimulator.ActiveCfg = Ad-Hoc|iPhoneSimulator
		{C81ADCAE-23EE-428D-A422-980AFF1C6A14}.Ad-Hoc|iPhoneSimulator.Build.0 = Ad-Hoc|iPhoneSimulator
		{C81ADCAE-23EE-428D-A422-980AFF1C6A14}.Ad-Hoc|iPhoneSimulator.Deploy.0 = Ad-Hoc|iPhoneSimulator
		{C81ADCAE-23EE-428D-A422-980AFF1C6A14}.AppStore|Any CPU.ActiveCfg = AppStore|iPhone
		{C81ADCAE-23EE-428D-A422-980AFF1C6A14}.AppStore|Any CPU.Build.0 = AppStore|iPhone
		{C81ADCAE-23EE-428D-A422-980AFF1C6A14}.AppStore|Any CPU.Deploy.0 = AppStore|iPhone
		{C81ADCAE-23EE-428D-A422-980AFF1C6A14}.AppStore|iPhone.ActiveCfg = AppStore|iPhone
		{C81ADCAE-23EE-428D-A422-980AFF1C6A14}.AppStore|iPhone.Build.0 = AppStore|iPhone
		{C81ADCAE-23EE-428D-A422-980AFF1C6A14}.AppStore|iPhone.Deploy.0 = AppStore|iPhone
		{C81ADCAE-23EE-428D-A422-980AFF1C6A14}.AppStore|iPhoneSimulator.ActiveCfg = AppStore|iPhoneSimulator
		{C81ADCAE-23EE-428D-A422-980AFF1C6A14}.AppStore|iPhoneSimulator.Build.0 = AppStore|iPhoneSimulator
		{C81ADCAE-23EE-428D-A422-980AFF1C6A14}.AppStore|iPhoneSimulator.Deploy.0 = AppStore|iPhoneSimulator
		{C81ADCAE-23EE-428D-A422-980AFF1C6A14}.Debug|Any CPU.ActiveCfg = Debug|iPhoneSimulator
		{C81ADCAE-23EE-428D-A422-980AFF1C6A14}.Debug|Any CPU.Build.0 = Debug|iPhoneSimulator
		{C81ADCAE-23EE-428D-A422-980AFF1C6A14}.Debug|Any CPU.Deploy.0 = Debug|iPhoneSimulator
		{C81ADCAE-23EE-428D-A422-980AFF1C6A14}.Debug|iPhone.ActiveCfg = Debug|iPhone
		{C81ADCAE-23EE-428D-A422-980AFF1C6A14}.Debug|iPhone.Build.0 = Debug|iPhone
		{C81ADCAE-23EE-428D-A422-980AFF1C6A14}.Debug|iPhone.Deploy.0 = Debug|iPhone
		{C81ADCAE-23EE-428D-A422-980AFF1C6A14}.Debug|iPhoneSimulator.ActiveCfg = Debug|iPhoneSimulator
		{C81ADCAE-23EE-428D-A422-980AFF1C6A14}.Debug|iPhoneSimulator.Build.0 = Debug|iPhoneSimulator
		{C81ADCAE-23EE-428D-A422-980AFF1C6A14}.Debug|iPhoneSimulator.Deploy.0 = Debug|iPhoneSimulator
		{C81ADCAE-23EE-428D-A422-980AFF1C6A14}.Mock|Any CPU.ActiveCfg = Mock|iPhoneSimulator
		{C81ADCAE-23EE-428D-A422-980AFF1C6A14}.Mock|iPhone.ActiveCfg = Mock|iPhone
		{C81ADCAE-23EE-428D-A422-980AFF1C6A14}.Mock|iPhone.Build.0 = Mock|iPhone
		{C81ADCAE-23EE-428D-A422-980AFF1C6A14}.Mock|iPhoneSimulator.ActiveCfg = Mock|iPhoneSimulator
		{C81ADCAE-23EE-428D-A422-980AFF1C6A14}.Mock|iPhoneSimulator.Build.0 = Mock|iPhoneSimulator
		{C81ADCAE-23EE-428D-A422-980AFF1C6A14}.Release|Any CPU.ActiveCfg = Release|iPhone
		{C81ADCAE-23EE-428D-A422-980AFF1C6A14}.Release|Any CPU.Build.0 = Release|iPhone
		{C81ADCAE-23EE-428D-A422-980AFF1C6A14}.Release|Any CPU.Deploy.0 = Release|iPhone
		{C81ADCAE-23EE-428D-A422-980AFF1C6A14}.Release|iPhone.ActiveCfg = Release|iPhone
		{C81ADCAE-23EE-428D-A422-980AFF1C6A14}.Release|iPhone.Build.0 = Release|iPhone
		{C81ADCAE-23EE-428D-A422-980AFF1C6A14}.Release|iPhone.Deploy.0 = Release|iPhone
		{C81ADCAE-23EE-428D-A422-980AFF1C6A14}.Release|iPhoneSimulator.ActiveCfg = Release|iPhoneSimulator
		{C81ADCAE-23EE-428D-A422-980AFF1C6A14}.Release|iPhoneSimulator.Build.0 = Release|iPhoneSimulator
		{C81ADCAE-23EE-428D-A422-980AFF1C6A14}.Release|iPhoneSimulator.Deploy.0 = Release|iPhoneSimulator
		{773E3369-4636-4D7F-9D15-84D4790999CB}.Ad-Hoc|Any CPU.ActiveCfg = Debug|Any CPU
		{773E3369-4636-4D7F-9D15-84D4790999CB}.Ad-Hoc|Any CPU.Build.0 = Debug|Any CPU
		{773E3369-4636-4D7F-9D15-84D4790999CB}.Ad-Hoc|Any CPU.Deploy.0 = Debug|Any CPU
		{773E3369-4636-4D7F-9D15-84D4790999CB}.Ad-Hoc|iPhone.ActiveCfg = Debug|Any CPU
		{773E3369-4636-4D7F-9D15-84D4790999CB}.Ad-Hoc|iPhone.Build.0 = Debug|Any CPU
		{773E3369-4636-4D7F-9D15-84D4790999CB}.Ad-Hoc|iPhone.Deploy.0 = Debug|Any CPU
		{773E3369-4636-4D7F-9D15-84D4790999CB}.Ad-Hoc|iPhoneSimulator.ActiveCfg = Debug|Any CPU
		{773E3369-4636-4D7F-9D15-84D4790999CB}.Ad-Hoc|iPhoneSimulator.Build.0 = Debug|Any CPU
		{773E3369-4636-4D7F-9D15-84D4790999CB}.Ad-Hoc|iPhoneSimulator.Deploy.0 = Debug|Any CPU
		{773E3369-4636-4D7F-9D15-84D4790999CB}.AppStore|Any CPU.ActiveCfg = Debug|Any CPU
		{773E3369-4636-4D7F-9D15-84D4790999CB}.AppStore|Any CPU.Build.0 = Debug|Any CPU
		{773E3369-4636-4D7F-9D15-84D4790999CB}.AppStore|Any CPU.Deploy.0 = Debug|Any CPU
		{773E3369-4636-4D7F-9D15-84D4790999CB}.AppStore|iPhone.ActiveCfg = Debug|Any CPU
		{773E3369-4636-4D7F-9D15-84D4790999CB}.AppStore|iPhone.Build.0 = Debug|Any CPU
		{773E3369-4636-4D7F-9D15-84D4790999CB}.AppStore|iPhone.Deploy.0 = Debug|Any CPU
		{773E3369-4636-4D7F-9D15-84D4790999CB}.AppStore|iPhoneSimulator.ActiveCfg = Debug|Any CPU
		{773E3369-4636-4D7F-9D15-84D4790999CB}.AppStore|iPhoneSimulator.Build.0 = Debug|Any CPU
		{773E3369-4636-4D7F-9D15-84D4790999CB}.AppStore|iPhoneSimulator.Deploy.0 = Debug|Any CPU
		{773E3369-4636-4D7F-9D15-84D4790999CB}.Debug|Any CPU.ActiveCfg = Debug|Any CPU
		{773E3369-4636-4D7F-9D15-84D4790999CB}.Debug|Any CPU.Build.0 = Debug|Any CPU
		{773E3369-4636-4D7F-9D15-84D4790999CB}.Debug|Any CPU.Deploy.0 = Debug|Any CPU
		{773E3369-4636-4D7F-9D15-84D4790999CB}.Debug|iPhone.ActiveCfg = Debug|Any CPU
		{773E3369-4636-4D7F-9D15-84D4790999CB}.Debug|iPhone.Build.0 = Debug|Any CPU
		{773E3369-4636-4D7F-9D15-84D4790999CB}.Debug|iPhone.Deploy.0 = Debug|Any CPU
		{773E3369-4636-4D7F-9D15-84D4790999CB}.Debug|iPhoneSimulator.ActiveCfg = Debug|Any CPU
		{773E3369-4636-4D7F-9D15-84D4790999CB}.Debug|iPhoneSimulator.Build.0 = Debug|Any CPU
		{773E3369-4636-4D7F-9D15-84D4790999CB}.Debug|iPhoneSimulator.Deploy.0 = Debug|Any CPU
		{773E3369-4636-4D7F-9D15-84D4790999CB}.Mock|Any CPU.ActiveCfg = Mock|Any CPU
		{773E3369-4636-4D7F-9D15-84D4790999CB}.Mock|Any CPU.Build.0 = Mock|Any CPU
		{773E3369-4636-4D7F-9D15-84D4790999CB}.Mock|iPhone.ActiveCfg = Mock|Any CPU
		{773E3369-4636-4D7F-9D15-84D4790999CB}.Mock|iPhone.Build.0 = Mock|Any CPU
		{773E3369-4636-4D7F-9D15-84D4790999CB}.Mock|iPhoneSimulator.ActiveCfg = Mock|Any CPU
		{773E3369-4636-4D7F-9D15-84D4790999CB}.Mock|iPhoneSimulator.Build.0 = Mock|Any CPU
		{773E3369-4636-4D7F-9D15-84D4790999CB}.Release|Any CPU.ActiveCfg = Release|Any CPU
		{773E3369-4636-4D7F-9D15-84D4790999CB}.Release|Any CPU.Build.0 = Release|Any CPU
		{773E3369-4636-4D7F-9D15-84D4790999CB}.Release|Any CPU.Deploy.0 = Release|Any CPU
		{773E3369-4636-4D7F-9D15-84D4790999CB}.Release|iPhone.ActiveCfg = Release|Any CPU
		{773E3369-4636-4D7F-9D15-84D4790999CB}.Release|iPhone.Build.0 = Release|Any CPU
		{773E3369-4636-4D7F-9D15-84D4790999CB}.Release|iPhone.Deploy.0 = Release|Any CPU
		{773E3369-4636-4D7F-9D15-84D4790999CB}.Release|iPhoneSimulator.ActiveCfg = Release|Any CPU
		{773E3369-4636-4D7F-9D15-84D4790999CB}.Release|iPhoneSimulator.Build.0 = Release|Any CPU
		{773E3369-4636-4D7F-9D15-84D4790999CB}.Release|iPhoneSimulator.Deploy.0 = Release|Any CPU
		{B19C892E-2628-4CA7-AD27-08D406A3B14B}.Ad-Hoc|Any CPU.ActiveCfg = Release|Any CPU
		{B19C892E-2628-4CA7-AD27-08D406A3B14B}.Ad-Hoc|Any CPU.Build.0 = Release|Any CPU
		{B19C892E-2628-4CA7-AD27-08D406A3B14B}.Ad-Hoc|iPhone.ActiveCfg = Release|Any CPU
		{B19C892E-2628-4CA7-AD27-08D406A3B14B}.Ad-Hoc|iPhone.Build.0 = Release|Any CPU
		{B19C892E-2628-4CA7-AD27-08D406A3B14B}.Ad-Hoc|iPhoneSimulator.ActiveCfg = Release|Any CPU
		{B19C892E-2628-4CA7-AD27-08D406A3B14B}.Ad-Hoc|iPhoneSimulator.Build.0 = Release|Any CPU
		{B19C892E-2628-4CA7-AD27-08D406A3B14B}.AppStore|Any CPU.ActiveCfg = Release|Any CPU
		{B19C892E-2628-4CA7-AD27-08D406A3B14B}.AppStore|Any CPU.Build.0 = Release|Any CPU
		{B19C892E-2628-4CA7-AD27-08D406A3B14B}.AppStore|iPhone.ActiveCfg = Release|Any CPU
		{B19C892E-2628-4CA7-AD27-08D406A3B14B}.AppStore|iPhone.Build.0 = Release|Any CPU
		{B19C892E-2628-4CA7-AD27-08D406A3B14B}.AppStore|iPhoneSimulator.ActiveCfg = Release|Any CPU
		{B19C892E-2628-4CA7-AD27-08D406A3B14B}.AppStore|iPhoneSimulator.Build.0 = Release|Any CPU
		{B19C892E-2628-4CA7-AD27-08D406A3B14B}.Debug|Any CPU.ActiveCfg = Debug|Any CPU
		{B19C892E-2628-4CA7-AD27-08D406A3B14B}.Debug|Any CPU.Build.0 = Debug|Any CPU
		{B19C892E-2628-4CA7-AD27-08D406A3B14B}.Debug|iPhone.ActiveCfg = Debug|Any CPU
		{B19C892E-2628-4CA7-AD27-08D406A3B14B}.Debug|iPhone.Build.0 = Debug|Any CPU
		{B19C892E-2628-4CA7-AD27-08D406A3B14B}.Debug|iPhoneSimulator.ActiveCfg = Debug|Any CPU
		{B19C892E-2628-4CA7-AD27-08D406A3B14B}.Debug|iPhoneSimulator.Build.0 = Debug|Any CPU
		{B19C892E-2628-4CA7-AD27-08D406A3B14B}.Mock|Any CPU.ActiveCfg = Mock|Any CPU
		{B19C892E-2628-4CA7-AD27-08D406A3B14B}.Mock|Any CPU.Build.0 = Mock|Any CPU
		{B19C892E-2628-4CA7-AD27-08D406A3B14B}.Mock|iPhone.ActiveCfg = Mock|Any CPU
		{B19C892E-2628-4CA7-AD27-08D406A3B14B}.Mock|iPhone.Build.0 = Mock|Any CPU
		{B19C892E-2628-4CA7-AD27-08D406A3B14B}.Mock|iPhoneSimulator.ActiveCfg = Mock|Any CPU
		{B19C892E-2628-4CA7-AD27-08D406A3B14B}.Mock|iPhoneSimulator.Build.0 = Mock|Any CPU
		{B19C892E-2628-4CA7-AD27-08D406A3B14B}.Release|Any CPU.ActiveCfg = Release|Any CPU
		{B19C892E-2628-4CA7-AD27-08D406A3B14B}.Release|Any CPU.Build.0 = Release|Any CPU
		{B19C892E-2628-4CA7-AD27-08D406A3B14B}.Release|iPhone.ActiveCfg = Release|Any CPU
		{B19C892E-2628-4CA7-AD27-08D406A3B14B}.Release|iPhone.Build.0 = Release|Any CPU
		{B19C892E-2628-4CA7-AD27-08D406A3B14B}.Release|iPhoneSimulator.ActiveCfg = Release|Any CPU
		{B19C892E-2628-4CA7-AD27-08D406A3B14B}.Release|iPhoneSimulator.Build.0 = Release|Any CPU
		{FB61D4C3-9A8D-4220-A240-715306A025AF}.Ad-Hoc|Any CPU.ActiveCfg = Release|Any CPU
		{FB61D4C3-9A8D-4220-A240-715306A025AF}.Ad-Hoc|Any CPU.Build.0 = Release|Any CPU
		{FB61D4C3-9A8D-4220-A240-715306A025AF}.Ad-Hoc|iPhone.ActiveCfg = Release|Any CPU
		{FB61D4C3-9A8D-4220-A240-715306A025AF}.Ad-Hoc|iPhone.Build.0 = Release|Any CPU
		{FB61D4C3-9A8D-4220-A240-715306A025AF}.Ad-Hoc|iPhoneSimulator.ActiveCfg = Release|Any CPU
		{FB61D4C3-9A8D-4220-A240-715306A025AF}.Ad-Hoc|iPhoneSimulator.Build.0 = Release|Any CPU
		{FB61D4C3-9A8D-4220-A240-715306A025AF}.AppStore|Any CPU.ActiveCfg = Release|Any CPU
		{FB61D4C3-9A8D-4220-A240-715306A025AF}.AppStore|Any CPU.Build.0 = Release|Any CPU
		{FB61D4C3-9A8D-4220-A240-715306A025AF}.AppStore|iPhone.ActiveCfg = Release|Any CPU
		{FB61D4C3-9A8D-4220-A240-715306A025AF}.AppStore|iPhone.Build.0 = Release|Any CPU
		{FB61D4C3-9A8D-4220-A240-715306A025AF}.AppStore|iPhoneSimulator.ActiveCfg = Release|Any CPU
		{FB61D4C3-9A8D-4220-A240-715306A025AF}.AppStore|iPhoneSimulator.Build.0 = Release|Any CPU
		{FB61D4C3-9A8D-4220-A240-715306A025AF}.Debug|Any CPU.ActiveCfg = Debug|Any CPU
		{FB61D4C3-9A8D-4220-A240-715306A025AF}.Debug|Any CPU.Build.0 = Debug|Any CPU
		{FB61D4C3-9A8D-4220-A240-715306A025AF}.Debug|iPhone.ActiveCfg = Debug|Any CPU
		{FB61D4C3-9A8D-4220-A240-715306A025AF}.Debug|iPhone.Build.0 = Debug|Any CPU
		{FB61D4C3-9A8D-4220-A240-715306A025AF}.Debug|iPhoneSimulator.ActiveCfg = Debug|Any CPU
		{FB61D4C3-9A8D-4220-A240-715306A025AF}.Debug|iPhoneSimulator.Build.0 = Debug|Any CPU
		{FB61D4C3-9A8D-4220-A240-715306A025AF}.Mock|Any CPU.ActiveCfg = Mock|Any CPU
		{FB61D4C3-9A8D-4220-A240-715306A025AF}.Mock|Any CPU.Build.0 = Mock|Any CPU
		{FB61D4C3-9A8D-4220-A240-715306A025AF}.Mock|iPhone.ActiveCfg = Mock|Any CPU
		{FB61D4C3-9A8D-4220-A240-715306A025AF}.Mock|iPhone.Build.0 = Mock|Any CPU
		{FB61D4C3-9A8D-4220-A240-715306A025AF}.Mock|iPhoneSimulator.ActiveCfg = Mock|Any CPU
		{FB61D4C3-9A8D-4220-A240-715306A025AF}.Mock|iPhoneSimulator.Build.0 = Mock|Any CPU
		{FB61D4C3-9A8D-4220-A240-715306A025AF}.Release|Any CPU.ActiveCfg = Release|Any CPU
		{FB61D4C3-9A8D-4220-A240-715306A025AF}.Release|Any CPU.Build.0 = Release|Any CPU
		{FB61D4C3-9A8D-4220-A240-715306A025AF}.Release|iPhone.ActiveCfg = Release|Any CPU
		{FB61D4C3-9A8D-4220-A240-715306A025AF}.Release|iPhone.Build.0 = Release|Any CPU
		{FB61D4C3-9A8D-4220-A240-715306A025AF}.Release|iPhoneSimulator.ActiveCfg = Release|Any CPU
		{FB61D4C3-9A8D-4220-A240-715306A025AF}.Release|iPhoneSimulator.Build.0 = Release|Any CPU
	EndGlobalSection
	GlobalSection(SolutionProperties) = preSolution
		HideSolutionNode = FALSE
	EndGlobalSection
	GlobalSection(NestedProjects) = preSolution
		{1028B93F-48CD-4791-BCE6-A1409AF23B61} = {B1638A4B-8192-4C4A-9552-9B1B157CE1C6}
		{C81ADCAE-23EE-428D-A422-980AFF1C6A14} = {B1638A4B-8192-4C4A-9552-9B1B157CE1C6}
		{773E3369-4636-4D7F-9D15-84D4790999CB} = {B1638A4B-8192-4C4A-9552-9B1B157CE1C6}
		{B19C892E-2628-4CA7-AD27-08D406A3B14B} = {3C87ADD6-671D-465A-A48F-585FA53A58A4}
		{FB61D4C3-9A8D-4220-A240-715306A025AF} = {3C87ADD6-671D-465A-A48F-585FA53A58A4}
	EndGlobalSection
	GlobalSection(ExtensibilityGlobals) = postSolution
		SolutionGuid = {DA5CA264-9C83-48CB-8DF8-A9DB7C9DA89E}
	EndGlobalSection
	GlobalSection(MonoDevelopProperties) = preSolution
		Policies = $0
		$0.DotNetNamingPolicy = $1
		$1.DirectoryNamespaceAssociation = PrefixedHierarchical
		$0.StandardHeader = $2
		$0.VersionControlPolicy = $3
	EndGlobalSection
EndGlobal
