
Microsoft Visual Studio Solution File, Format Version 12.00
# Visual Studio 15
VisualStudioVersion = 15.0.28307.271
MinimumVisualStudioVersion = 10.0.40219.1
Project("{2150E333-8FDC-42A3-9474-1A3956D46DE8}") = "src", "src", "{AA4C4797-494F-409D-A08A-793A1ED1178C}"
EndProject
Project("{9A19103F-16F7-4668-BE54-9A1E7A4F7556}") = "WhiteMvvm", "src\WhiteMvvm\WhiteMvvm.csproj", "{1C18B352-3D51-469F-A0FF-A2D365C3E419}"
EndProject
Project("{FAE04EC0-301F-11D3-BF4B-00C04F79EFBC}") = "WhiteMvvm.Droid", "src\WhiteMvvm.Droid\WhiteMvvm.Droid.csproj", "{F2EABCC5-9CC2-4F39-8B22-A13C6A2A3E2C}"
EndProject
Project("{FAE04EC0-301F-11D3-BF4B-00C04F79EFBC}") = "WhiteMvvm.iOS", "src\WhiteMvvm.iOS\WhiteMvvm.iOS.csproj", "{E71F3053-056C-4381-9638-048ED73BDFF6}"
EndProject
Project("{2150E333-8FDC-42A3-9474-1A3956D46DE8}") = "sample", "sample", "{E0321E34-BC7E-4B58-9D37-729370CF0B51}"
EndProject
Project("{FAE04EC0-301F-11D3-BF4B-00C04F79EFBC}") = "WhiteSample.Android", "sample\WhiteSample\WhiteSample.Android\WhiteSample.Android.csproj", "{53624827-EAB7-45A8-A0C5-0C6A5BB43F3F}"
EndProject
Project("{FAE04EC0-301F-11D3-BF4B-00C04F79EFBC}") = "WhiteSample.iOS", "sample\WhiteSample\WhiteSample.iOS\WhiteSample.iOS.csproj", "{6CFF628A-B51D-437C-B37E-21E198B06D19}"
EndProject
Project("{9A19103F-16F7-4668-BE54-9A1E7A4F7556}") = "WhiteSample", "sample\WhiteSample\WhiteSample\WhiteSample.csproj", "{A385262A-2706-40AC-8303-D5B23C34F2E0}"
EndProject
Project("{FAE04EC0-301F-11D3-BF4B-00C04F79EFBC}") = "WhiteMvvmUnitTest", "src\WhiteMvvmUnitTest\WhiteMvvmUnitTest.csproj", "{073B6B1F-1027-4FC8-BBE8-D0929A2765E9}"
EndProject
Global
	GlobalSection(SolutionConfigurationPlatforms) = preSolution
		Ad-Hoc|Any CPU = Ad-Hoc|Any CPU
		Ad-Hoc|iPhone = Ad-Hoc|iPhone
		Ad-Hoc|iPhoneSimulator = Ad-Hoc|iPhoneSimulator
		AppStore|Any CPU = AppStore|Any CPU
		AppStore|iPhone = AppStore|iPhone
		AppStore|iPhoneSimulator = AppStore|iPhoneSimulator
		Debug|Any CPU = Debug|Any CPU
		Debug|iPhone = Debug|iPhone
		Debug|iPhoneSimulator = Debug|iPhoneSimulator
		Mock|Any CPU = Mock|Any CPU
		Mock|iPhone = Mock|iPhone
		Mock|iPhoneSimulator = Mock|iPhoneSimulator
		Release|Any CPU = Release|Any CPU
		Release|iPhone = Release|iPhone
		Release|iPhoneSimulator = Release|iPhoneSimulator
	EndGlobalSection
	GlobalSection(ProjectConfigurationPlatforms) = postSolution
		{1C18B352-3D51-469F-A0FF-A2D365C3E419}.Ad-Hoc|Any CPU.ActiveCfg = Debug|Any CPU
		{1C18B352-3D51-469F-A0FF-A2D365C3E419}.Ad-Hoc|Any CPU.Build.0 = Debug|Any CPU
		{1C18B352-3D51-469F-A0FF-A2D365C3E419}.Ad-Hoc|iPhone.ActiveCfg = Debug|Any CPU
		{1C18B352-3D51-469F-A0FF-A2D365C3E419}.Ad-Hoc|iPhone.Build.0 = Debug|Any CPU
		{1C18B352-3D51-469F-A0FF-A2D365C3E419}.Ad-Hoc|iPhoneSimulator.ActiveCfg = Debug|Any CPU
		{1C18B352-3D51-469F-A0FF-A2D365C3E419}.Ad-Hoc|iPhoneSimulator.Build.0 = Debug|Any CPU
		{1C18B352-3D51-469F-A0FF-A2D365C3E419}.AppStore|Any CPU.ActiveCfg = Debug|Any CPU
		{1C18B352-3D51-469F-A0FF-A2D365C3E419}.AppStore|Any CPU.Build.0 = Debug|Any CPU
		{1C18B352-3D51-469F-A0FF-A2D365C3E419}.AppStore|iPhone.ActiveCfg = Debug|Any CPU
		{1C18B352-3D51-469F-A0FF-A2D365C3E419}.AppStore|iPhone.Build.0 = Debug|Any CPU
		{1C18B352-3D51-469F-A0FF-A2D365C3E419}.AppStore|iPhoneSimulator.ActiveCfg = Debug|Any CPU
		{1C18B352-3D51-469F-A0FF-A2D365C3E419}.AppStore|iPhoneSimulator.Build.0 = Debug|Any CPU
		{1C18B352-3D51-469F-A0FF-A2D365C3E419}.Debug|Any CPU.ActiveCfg = Debug|Any CPU
		{1C18B352-3D51-469F-A0FF-A2D365C3E419}.Debug|Any CPU.Build.0 = Debug|Any CPU
		{1C18B352-3D51-469F-A0FF-A2D365C3E419}.Debug|iPhone.ActiveCfg = Debug|Any CPU
		{1C18B352-3D51-469F-A0FF-A2D365C3E419}.Debug|iPhone.Build.0 = Debug|Any CPU
		{1C18B352-3D51-469F-A0FF-A2D365C3E419}.Debug|iPhoneSimulator.ActiveCfg = Debug|Any CPU
		{1C18B352-3D51-469F-A0FF-A2D365C3E419}.Debug|iPhoneSimulator.Build.0 = Debug|Any CPU
		{1C18B352-3D51-469F-A0FF-A2D365C3E419}.Mock|Any CPU.ActiveCfg = Debug|Any CPU
		{1C18B352-3D51-469F-A0FF-A2D365C3E419}.Mock|Any CPU.Build.0 = Debug|Any CPU
		{1C18B352-3D51-469F-A0FF-A2D365C3E419}.Mock|iPhone.ActiveCfg = Debug|Any CPU
		{1C18B352-3D51-469F-A0FF-A2D365C3E419}.Mock|iPhone.Build.0 = Debug|Any CPU
		{1C18B352-3D51-469F-A0FF-A2D365C3E419}.Mock|iPhoneSimulator.ActiveCfg = Debug|Any CPU
		{1C18B352-3D51-469F-A0FF-A2D365C3E419}.Mock|iPhoneSimulator.Build.0 = Debug|Any CPU
		{1C18B352-3D51-469F-A0FF-A2D365C3E419}.Release|Any CPU.ActiveCfg = Release|Any CPU
		{1C18B352-3D51-469F-A0FF-A2D365C3E419}.Release|Any CPU.Build.0 = Release|Any CPU
		{1C18B352-3D51-469F-A0FF-A2D365C3E419}.Release|iPhone.ActiveCfg = Release|Any CPU
		{1C18B352-3D51-469F-A0FF-A2D365C3E419}.Release|iPhone.Build.0 = Release|Any CPU
		{1C18B352-3D51-469F-A0FF-A2D365C3E419}.Release|iPhoneSimulator.ActiveCfg = Release|Any CPU
		{1C18B352-3D51-469F-A0FF-A2D365C3E419}.Release|iPhoneSimulator.Build.0 = Release|Any CPU
		{F2EABCC5-9CC2-4F39-8B22-A13C6A2A3E2C}.Ad-Hoc|Any CPU.ActiveCfg = Release|Any CPU
		{F2EABCC5-9CC2-4F39-8B22-A13C6A2A3E2C}.Ad-Hoc|Any CPU.Build.0 = Release|Any CPU
		{F2EABCC5-9CC2-4F39-8B22-A13C6A2A3E2C}.Ad-Hoc|iPhone.ActiveCfg = Release|Any CPU
		{F2EABCC5-9CC2-4F39-8B22-A13C6A2A3E2C}.Ad-Hoc|iPhone.Build.0 = Release|Any CPU
		{F2EABCC5-9CC2-4F39-8B22-A13C6A2A3E2C}.Ad-Hoc|iPhoneSimulator.ActiveCfg = Release|Any CPU
		{F2EABCC5-9CC2-4F39-8B22-A13C6A2A3E2C}.Ad-Hoc|iPhoneSimulator.Build.0 = Release|Any CPU
		{F2EABCC5-9CC2-4F39-8B22-A13C6A2A3E2C}.AppStore|Any CPU.ActiveCfg = Release|Any CPU
		{F2EABCC5-9CC2-4F39-8B22-A13C6A2A3E2C}.AppStore|Any CPU.Build.0 = Release|Any CPU
		{F2EABCC5-9CC2-4F39-8B22-A13C6A2A3E2C}.AppStore|iPhone.ActiveCfg = Release|Any CPU
		{F2EABCC5-9CC2-4F39-8B22-A13C6A2A3E2C}.AppStore|iPhone.Build.0 = Release|Any CPU
		{F2EABCC5-9CC2-4F39-8B22-A13C6A2A3E2C}.AppStore|iPhoneSimulator.ActiveCfg = Release|Any CPU
		{F2EABCC5-9CC2-4F39-8B22-A13C6A2A3E2C}.AppStore|iPhoneSimulator.Build.0 = Release|Any CPU
		{F2EABCC5-9CC2-4F39-8B22-A13C6A2A3E2C}.Debug|Any CPU.ActiveCfg = Debug|Any CPU
		{F2EABCC5-9CC2-4F39-8B22-A13C6A2A3E2C}.Debug|Any CPU.Build.0 = Debug|Any CPU
		{F2EABCC5-9CC2-4F39-8B22-A13C6A2A3E2C}.Debug|iPhone.ActiveCfg = Debug|Any CPU
		{F2EABCC5-9CC2-4F39-8B22-A13C6A2A3E2C}.Debug|iPhone.Build.0 = Debug|Any CPU
		{F2EABCC5-9CC2-4F39-8B22-A13C6A2A3E2C}.Debug|iPhoneSimulator.ActiveCfg = Debug|Any CPU
		{F2EABCC5-9CC2-4F39-8B22-A13C6A2A3E2C}.Debug|iPhoneSimulator.Build.0 = Debug|Any CPU
		{F2EABCC5-9CC2-4F39-8B22-A13C6A2A3E2C}.Mock|Any CPU.ActiveCfg = Release|Any CPU
		{F2EABCC5-9CC2-4F39-8B22-A13C6A2A3E2C}.Mock|Any CPU.Build.0 = Release|Any CPU
		{F2EABCC5-9CC2-4F39-8B22-A13C6A2A3E2C}.Mock|iPhone.ActiveCfg = Release|Any CPU
		{F2EABCC5-9CC2-4F39-8B22-A13C6A2A3E2C}.Mock|iPhone.Build.0 = Release|Any CPU
		{F2EABCC5-9CC2-4F39-8B22-A13C6A2A3E2C}.Mock|iPhoneSimulator.ActiveCfg = Release|Any CPU
		{F2EABCC5-9CC2-4F39-8B22-A13C6A2A3E2C}.Mock|iPhoneSimulator.Build.0 = Release|Any CPU
		{F2EABCC5-9CC2-4F39-8B22-A13C6A2A3E2C}.Release|Any CPU.ActiveCfg = Release|Any CPU
		{F2EABCC5-9CC2-4F39-8B22-A13C6A2A3E2C}.Release|Any CPU.Build.0 = Release|Any CPU
		{F2EABCC5-9CC2-4F39-8B22-A13C6A2A3E2C}.Release|iPhone.ActiveCfg = Release|Any CPU
		{F2EABCC5-9CC2-4F39-8B22-A13C6A2A3E2C}.Release|iPhone.Build.0 = Release|Any CPU
		{F2EABCC5-9CC2-4F39-8B22-A13C6A2A3E2C}.Release|iPhoneSimulator.ActiveCfg = Release|Any CPU
		{F2EABCC5-9CC2-4F39-8B22-A13C6A2A3E2C}.Release|iPhoneSimulator.Build.0 = Release|Any CPU
		{E71F3053-056C-4381-9638-048ED73BDFF6}.Ad-Hoc|Any CPU.ActiveCfg = Release|Any CPU
		{E71F3053-056C-4381-9638-048ED73BDFF6}.Ad-Hoc|Any CPU.Build.0 = Release|Any CPU
		{E71F3053-056C-4381-9638-048ED73BDFF6}.Ad-Hoc|iPhone.ActiveCfg = Release|Any CPU
		{E71F3053-056C-4381-9638-048ED73BDFF6}.Ad-Hoc|iPhone.Build.0 = Release|Any CPU
		{E71F3053-056C-4381-9638-048ED73BDFF6}.Ad-Hoc|iPhoneSimulator.ActiveCfg = Release|Any CPU
		{E71F3053-056C-4381-9638-048ED73BDFF6}.Ad-Hoc|iPhoneSimulator.Build.0 = Release|Any CPU
		{E71F3053-056C-4381-9638-048ED73BDFF6}.AppStore|Any CPU.ActiveCfg = Release|Any CPU
		{E71F3053-056C-4381-9638-048ED73BDFF6}.AppStore|Any CPU.Build.0 = Release|Any CPU
		{E71F3053-056C-4381-9638-048ED73BDFF6}.AppStore|iPhone.ActiveCfg = Release|Any CPU
		{E71F3053-056C-4381-9638-048ED73BDFF6}.AppStore|iPhone.Build.0 = Release|Any CPU
		{E71F3053-056C-4381-9638-048ED73BDFF6}.AppStore|iPhoneSimulator.ActiveCfg = Release|Any CPU
		{E71F3053-056C-4381-9638-048ED73BDFF6}.AppStore|iPhoneSimulator.Build.0 = Release|Any CPU
		{E71F3053-056C-4381-9638-048ED73BDFF6}.Debug|Any CPU.ActiveCfg = Debug|Any CPU
		{E71F3053-056C-4381-9638-048ED73BDFF6}.Debug|Any CPU.Build.0 = Debug|Any CPU
		{E71F3053-056C-4381-9638-048ED73BDFF6}.Debug|iPhone.ActiveCfg = Debug|Any CPU
		{E71F3053-056C-4381-9638-048ED73BDFF6}.Debug|iPhone.Build.0 = Debug|Any CPU
		{E71F3053-056C-4381-9638-048ED73BDFF6}.Debug|iPhoneSimulator.ActiveCfg = Debug|Any CPU
		{E71F3053-056C-4381-9638-048ED73BDFF6}.Debug|iPhoneSimulator.Build.0 = Debug|Any CPU
		{E71F3053-056C-4381-9638-048ED73BDFF6}.Mock|Any CPU.ActiveCfg = Release|Any CPU
		{E71F3053-056C-4381-9638-048ED73BDFF6}.Mock|Any CPU.Build.0 = Release|Any CPU
		{E71F3053-056C-4381-9638-048ED73BDFF6}.Mock|iPhone.ActiveCfg = Release|Any CPU
		{E71F3053-056C-4381-9638-048ED73BDFF6}.Mock|iPhone.Build.0 = Release|Any CPU
		{E71F3053-056C-4381-9638-048ED73BDFF6}.Mock|iPhoneSimulator.ActiveCfg = Release|Any CPU
		{E71F3053-056C-4381-9638-048ED73BDFF6}.Mock|iPhoneSimulator.Build.0 = Release|Any CPU
		{E71F3053-056C-4381-9638-048ED73BDFF6}.Release|Any CPU.ActiveCfg = Release|Any CPU
		{E71F3053-056C-4381-9638-048ED73BDFF6}.Release|Any CPU.Build.0 = Release|Any CPU
		{E71F3053-056C-4381-9638-048ED73BDFF6}.Release|iPhone.ActiveCfg = Release|Any CPU
		{E71F3053-056C-4381-9638-048ED73BDFF6}.Release|iPhone.Build.0 = Release|Any CPU
		{E71F3053-056C-4381-9638-048ED73BDFF6}.Release|iPhoneSimulator.ActiveCfg = Release|Any CPU
		{E71F3053-056C-4381-9638-048ED73BDFF6}.Release|iPhoneSimulator.Build.0 = Release|Any CPU
		{53624827-EAB7-45A8-A0C5-0C6A5BB43F3F}.Ad-Hoc|Any CPU.ActiveCfg = Release|Any CPU
		{53624827-EAB7-45A8-A0C5-0C6A5BB43F3F}.Ad-Hoc|Any CPU.Build.0 = Release|Any CPU
		{53624827-EAB7-45A8-A0C5-0C6A5BB43F3F}.Ad-Hoc|Any CPU.Deploy.0 = Release|Any CPU
		{53624827-EAB7-45A8-A0C5-0C6A5BB43F3F}.Ad-Hoc|iPhone.ActiveCfg = Release|Any CPU
		{53624827-EAB7-45A8-A0C5-0C6A5BB43F3F}.Ad-Hoc|iPhone.Build.0 = Release|Any CPU
		{53624827-EAB7-45A8-A0C5-0C6A5BB43F3F}.Ad-Hoc|iPhone.Deploy.0 = Release|Any CPU
		{53624827-EAB7-45A8-A0C5-0C6A5BB43F3F}.Ad-Hoc|iPhoneSimulator.ActiveCfg = Release|Any CPU
		{53624827-EAB7-45A8-A0C5-0C6A5BB43F3F}.Ad-Hoc|iPhoneSimulator.Build.0 = Release|Any CPU
		{53624827-EAB7-45A8-A0C5-0C6A5BB43F3F}.Ad-Hoc|iPhoneSimulator.Deploy.0 = Release|Any CPU
		{53624827-EAB7-45A8-A0C5-0C6A5BB43F3F}.AppStore|Any CPU.ActiveCfg = Release|Any CPU
		{53624827-EAB7-45A8-A0C5-0C6A5BB43F3F}.AppStore|Any CPU.Build.0 = Release|Any CPU
		{53624827-EAB7-45A8-A0C5-0C6A5BB43F3F}.AppStore|Any CPU.Deploy.0 = Release|Any CPU
		{53624827-EAB7-45A8-A0C5-0C6A5BB43F3F}.AppStore|iPhone.ActiveCfg = Release|Any CPU
		{53624827-EAB7-45A8-A0C5-0C6A5BB43F3F}.AppStore|iPhone.Build.0 = Release|Any CPU
		{53624827-EAB7-45A8-A0C5-0C6A5BB43F3F}.AppStore|iPhone.Deploy.0 = Release|Any CPU
		{53624827-EAB7-45A8-A0C5-0C6A5BB43F3F}.AppStore|iPhoneSimulator.ActiveCfg = Release|Any CPU
		{53624827-EAB7-45A8-A0C5-0C6A5BB43F3F}.AppStore|iPhoneSimulator.Build.0 = Release|Any CPU
		{53624827-EAB7-45A8-A0C5-0C6A5BB43F3F}.AppStore|iPhoneSimulator.Deploy.0 = Release|Any CPU
		{53624827-EAB7-45A8-A0C5-0C6A5BB43F3F}.Debug|Any CPU.ActiveCfg = Debug|Any CPU
		{53624827-EAB7-45A8-A0C5-0C6A5BB43F3F}.Debug|Any CPU.Build.0 = Debug|Any CPU
		{53624827-EAB7-45A8-A0C5-0C6A5BB43F3F}.Debug|Any CPU.Deploy.0 = Debug|Any CPU
		{53624827-EAB7-45A8-A0C5-0C6A5BB43F3F}.Debug|iPhone.ActiveCfg = Debug|Any CPU
		{53624827-EAB7-45A8-A0C5-0C6A5BB43F3F}.Debug|iPhone.Build.0 = Debug|Any CPU
		{53624827-EAB7-45A8-A0C5-0C6A5BB43F3F}.Debug|iPhone.Deploy.0 = Debug|Any CPU
		{53624827-EAB7-45A8-A0C5-0C6A5BB43F3F}.Debug|iPhoneSimulator.ActiveCfg = Debug|Any CPU
		{53624827-EAB7-45A8-A0C5-0C6A5BB43F3F}.Debug|iPhoneSimulator.Build.0 = Debug|Any CPU
		{53624827-EAB7-45A8-A0C5-0C6A5BB43F3F}.Debug|iPhoneSimulator.Deploy.0 = Debug|Any CPU
		{53624827-EAB7-45A8-A0C5-0C6A5BB43F3F}.Mock|Any CPU.ActiveCfg = Release|Any CPU
		{53624827-EAB7-45A8-A0C5-0C6A5BB43F3F}.Mock|Any CPU.Build.0 = Release|Any CPU
		{53624827-EAB7-45A8-A0C5-0C6A5BB43F3F}.Mock|Any CPU.Deploy.0 = Release|Any CPU
		{53624827-EAB7-45A8-A0C5-0C6A5BB43F3F}.Mock|iPhone.ActiveCfg = Release|Any CPU
		{53624827-EAB7-45A8-A0C5-0C6A5BB43F3F}.Mock|iPhone.Build.0 = Release|Any CPU
		{53624827-EAB7-45A8-A0C5-0C6A5BB43F3F}.Mock|iPhone.Deploy.0 = Release|Any CPU
		{53624827-EAB7-45A8-A0C5-0C6A5BB43F3F}.Mock|iPhoneSimulator.ActiveCfg = Release|Any CPU
		{53624827-EAB7-45A8-A0C5-0C6A5BB43F3F}.Mock|iPhoneSimulator.Build.0 = Release|Any CPU
		{53624827-EAB7-45A8-A0C5-0C6A5BB43F3F}.Mock|iPhoneSimulator.Deploy.0 = Release|Any CPU
		{53624827-EAB7-45A8-A0C5-0C6A5BB43F3F}.Release|Any CPU.ActiveCfg = Release|Any CPU
		{53624827-EAB7-45A8-A0C5-0C6A5BB43F3F}.Release|Any CPU.Build.0 = Release|Any CPU
		{53624827-EAB7-45A8-A0C5-0C6A5BB43F3F}.Release|Any CPU.Deploy.0 = Release|Any CPU
		{53624827-EAB7-45A8-A0C5-0C6A5BB43F3F}.Release|iPhone.ActiveCfg = Release|Any CPU
		{53624827-EAB7-45A8-A0C5-0C6A5BB43F3F}.Release|iPhone.Build.0 = Release|Any CPU
		{53624827-EAB7-45A8-A0C5-0C6A5BB43F3F}.Release|iPhone.Deploy.0 = Release|Any CPU
		{53624827-EAB7-45A8-A0C5-0C6A5BB43F3F}.Release|iPhoneSimulator.ActiveCfg = Release|Any CPU
		{53624827-EAB7-45A8-A0C5-0C6A5BB43F3F}.Release|iPhoneSimulator.Build.0 = Release|Any CPU
		{53624827-EAB7-45A8-A0C5-0C6A5BB43F3F}.Release|iPhoneSimulator.Deploy.0 = Release|Any CPU
		{6CFF628A-B51D-437C-B37E-21E198B06D19}.Ad-Hoc|Any CPU.ActiveCfg = Ad-Hoc|iPhone
		{6CFF628A-B51D-437C-B37E-21E198B06D19}.Ad-Hoc|iPhone.ActiveCfg = Ad-Hoc|iPhone
		{6CFF628A-B51D-437C-B37E-21E198B06D19}.Ad-Hoc|iPhone.Build.0 = Ad-Hoc|iPhone
		{6CFF628A-B51D-437C-B37E-21E198B06D19}.Ad-Hoc|iPhoneSimulator.ActiveCfg = Ad-Hoc|iPhoneSimulator
		{6CFF628A-B51D-437C-B37E-21E198B06D19}.Ad-Hoc|iPhoneSimulator.Build.0 = Ad-Hoc|iPhoneSimulator
		{6CFF628A-B51D-437C-B37E-21E198B06D19}.AppStore|Any CPU.ActiveCfg = AppStore|iPhone
		{6CFF628A-B51D-437C-B37E-21E198B06D19}.AppStore|iPhone.ActiveCfg = AppStore|iPhone
		{6CFF628A-B51D-437C-B37E-21E198B06D19}.AppStore|iPhone.Build.0 = AppStore|iPhone
		{6CFF628A-B51D-437C-B37E-21E198B06D19}.AppStore|iPhoneSimulator.ActiveCfg = AppStore|iPhoneSimulator
		{6CFF628A-B51D-437C-B37E-21E198B06D19}.AppStore|iPhoneSimulator.Build.0 = AppStore|iPhoneSimulator
		{6CFF628A-B51D-437C-B37E-21E198B06D19}.Debug|Any CPU.ActiveCfg = Debug|iPhone
		{6CFF628A-B51D-437C-B37E-21E198B06D19}.Debug|iPhone.ActiveCfg = Debug|iPhone
		{6CFF628A-B51D-437C-B37E-21E198B06D19}.Debug|iPhone.Build.0 = Debug|iPhone
		{6CFF628A-B51D-437C-B37E-21E198B06D19}.Debug|iPhoneSimulator.ActiveCfg = Debug|iPhoneSimulator
		{6CFF628A-B51D-437C-B37E-21E198B06D19}.Debug|iPhoneSimulator.Build.0 = Debug|iPhoneSimulator
		{6CFF628A-B51D-437C-B37E-21E198B06D19}.Mock|Any CPU.ActiveCfg = AppStore|iPhone
		{6CFF628A-B51D-437C-B37E-21E198B06D19}.Mock|Any CPU.Build.0 = AppStore|iPhone
		{6CFF628A-B51D-437C-B37E-21E198B06D19}.Mock|iPhone.ActiveCfg = AppStore|iPhone
		{6CFF628A-B51D-437C-B37E-21E198B06D19}.Mock|iPhone.Build.0 = AppStore|iPhone
		{6CFF628A-B51D-437C-B37E-21E198B06D19}.Mock|iPhoneSimulator.ActiveCfg = AppStore|iPhoneSimulator
		{6CFF628A-B51D-437C-B37E-21E198B06D19}.Mock|iPhoneSimulator.Build.0 = AppStore|iPhoneSimulator
		{6CFF628A-B51D-437C-B37E-21E198B06D19}.Release|Any CPU.ActiveCfg = Release|iPhone
		{6CFF628A-B51D-437C-B37E-21E198B06D19}.Release|iPhone.ActiveCfg = Release|iPhone
		{6CFF628A-B51D-437C-B37E-21E198B06D19}.Release|iPhone.Build.0 = Release|iPhone
		{6CFF628A-B51D-437C-B37E-21E198B06D19}.Release|iPhoneSimulator.ActiveCfg = Release|iPhoneSimulator
		{6CFF628A-B51D-437C-B37E-21E198B06D19}.Release|iPhoneSimulator.Build.0 = Release|iPhoneSimulator
		{A385262A-2706-40AC-8303-D5B23C34F2E0}.Ad-Hoc|Any CPU.ActiveCfg = Debug|Any CPU
		{A385262A-2706-40AC-8303-D5B23C34F2E0}.Ad-Hoc|Any CPU.Build.0 = Debug|Any CPU
		{A385262A-2706-40AC-8303-D5B23C34F2E0}.Ad-Hoc|iPhone.ActiveCfg = Debug|Any CPU
		{A385262A-2706-40AC-8303-D5B23C34F2E0}.Ad-Hoc|iPhone.Build.0 = Debug|Any CPU
		{A385262A-2706-40AC-8303-D5B23C34F2E0}.Ad-Hoc|iPhoneSimulator.ActiveCfg = Debug|Any CPU
		{A385262A-2706-40AC-8303-D5B23C34F2E0}.Ad-Hoc|iPhoneSimulator.Build.0 = Debug|Any CPU
		{A385262A-2706-40AC-8303-D5B23C34F2E0}.AppStore|Any CPU.ActiveCfg = Debug|Any CPU
		{A385262A-2706-40AC-8303-D5B23C34F2E0}.AppStore|Any CPU.Build.0 = Debug|Any CPU
		{A385262A-2706-40AC-8303-D5B23C34F2E0}.AppStore|iPhone.ActiveCfg = Debug|Any CPU
		{A385262A-2706-40AC-8303-D5B23C34F2E0}.AppStore|iPhone.Build.0 = Debug|Any CPU
		{A385262A-2706-40AC-8303-D5B23C34F2E0}.AppStore|iPhoneSimulator.ActiveCfg = Debug|Any CPU
		{A385262A-2706-40AC-8303-D5B23C34F2E0}.AppStore|iPhoneSimulator.Build.0 = Debug|Any CPU
		{A385262A-2706-40AC-8303-D5B23C34F2E0}.Debug|Any CPU.ActiveCfg = Debug|Any CPU
		{A385262A-2706-40AC-8303-D5B23C34F2E0}.Debug|Any CPU.Build.0 = Debug|Any CPU
		{A385262A-2706-40AC-8303-D5B23C34F2E0}.Debug|iPhone.ActiveCfg = Debug|Any CPU
		{A385262A-2706-40AC-8303-D5B23C34F2E0}.Debug|iPhone.Build.0 = Debug|Any CPU
		{A385262A-2706-40AC-8303-D5B23C34F2E0}.Debug|iPhoneSimulator.ActiveCfg = Debug|Any CPU
		{A385262A-2706-40AC-8303-D5B23C34F2E0}.Debug|iPhoneSimulator.Build.0 = Debug|Any CPU
		{A385262A-2706-40AC-8303-D5B23C34F2E0}.Mock|Any CPU.ActiveCfg = Debug|Any CPU
		{A385262A-2706-40AC-8303-D5B23C34F2E0}.Mock|Any CPU.Build.0 = Debug|Any CPU
		{A385262A-2706-40AC-8303-D5B23C34F2E0}.Mock|iPhone.ActiveCfg = Debug|Any CPU
		{A385262A-2706-40AC-8303-D5B23C34F2E0}.Mock|iPhone.Build.0 = Debug|Any CPU
		{A385262A-2706-40AC-8303-D5B23C34F2E0}.Mock|iPhoneSimulator.ActiveCfg = Debug|Any CPU
		{A385262A-2706-40AC-8303-D5B23C34F2E0}.Mock|iPhoneSimulator.Build.0 = Debug|Any CPU
		{A385262A-2706-40AC-8303-D5B23C34F2E0}.Release|Any CPU.ActiveCfg = Release|Any CPU
		{A385262A-2706-40AC-8303-D5B23C34F2E0}.Release|Any CPU.Build.0 = Release|Any CPU
		{A385262A-2706-40AC-8303-D5B23C34F2E0}.Release|iPhone.ActiveCfg = Release|Any CPU
		{A385262A-2706-40AC-8303-D5B23C34F2E0}.Release|iPhone.Build.0 = Release|Any CPU
		{A385262A-2706-40AC-8303-D5B23C34F2E0}.Release|iPhoneSimulator.ActiveCfg = Release|Any CPU
		{A385262A-2706-40AC-8303-D5B23C34F2E0}.Release|iPhoneSimulator.Build.0 = Release|Any CPU
		{073B6B1F-1027-4FC8-BBE8-D0929A2765E9}.Ad-Hoc|Any CPU.ActiveCfg = Debug|Any CPU
		{073B6B1F-1027-4FC8-BBE8-D0929A2765E9}.Ad-Hoc|Any CPU.Build.0 = Debug|Any CPU
		{073B6B1F-1027-4FC8-BBE8-D0929A2765E9}.Ad-Hoc|iPhone.ActiveCfg = Debug|Any CPU
		{073B6B1F-1027-4FC8-BBE8-D0929A2765E9}.Ad-Hoc|iPhone.Build.0 = Debug|Any CPU
		{073B6B1F-1027-4FC8-BBE8-D0929A2765E9}.Ad-Hoc|iPhoneSimulator.ActiveCfg = Debug|Any CPU
		{073B6B1F-1027-4FC8-BBE8-D0929A2765E9}.Ad-Hoc|iPhoneSimulator.Build.0 = Debug|Any CPU
		{073B6B1F-1027-4FC8-BBE8-D0929A2765E9}.AppStore|Any CPU.ActiveCfg = Debug|Any CPU
		{073B6B1F-1027-4FC8-BBE8-D0929A2765E9}.AppStore|Any CPU.Build.0 = Debug|Any CPU
		{073B6B1F-1027-4FC8-BBE8-D0929A2765E9}.AppStore|iPhone.ActiveCfg = Debug|Any CPU
		{073B6B1F-1027-4FC8-BBE8-D0929A2765E9}.AppStore|iPhone.Build.0 = Debug|Any CPU
		{073B6B1F-1027-4FC8-BBE8-D0929A2765E9}.AppStore|iPhoneSimulator.ActiveCfg = Debug|Any CPU
		{073B6B1F-1027-4FC8-BBE8-D0929A2765E9}.AppStore|iPhoneSimulator.Build.0 = Debug|Any CPU
		{073B6B1F-1027-4FC8-BBE8-D0929A2765E9}.Debug|Any CPU.ActiveCfg = Debug|Any CPU
		{073B6B1F-1027-4FC8-BBE8-D0929A2765E9}.Debug|Any CPU.Build.0 = Debug|Any CPU
		{073B6B1F-1027-4FC8-BBE8-D0929A2765E9}.Debug|iPhone.ActiveCfg = Debug|Any CPU
		{073B6B1F-1027-4FC8-BBE8-D0929A2765E9}.Debug|iPhone.Build.0 = Debug|Any CPU
		{073B6B1F-1027-4FC8-BBE8-D0929A2765E9}.Debug|iPhoneSimulator.ActiveCfg = Debug|Any CPU
		{073B6B1F-1027-4FC8-BBE8-D0929A2765E9}.Debug|iPhoneSimulator.Build.0 = Debug|Any CPU
		{073B6B1F-1027-4FC8-BBE8-D0929A2765E9}.Mock|Any CPU.ActiveCfg = Debug|Any CPU
		{073B6B1F-1027-4FC8-BBE8-D0929A2765E9}.Mock|Any CPU.Build.0 = Debug|Any CPU
		{073B6B1F-1027-4FC8-BBE8-D0929A2765E9}.Mock|iPhone.ActiveCfg = Debug|Any CPU
		{073B6B1F-1027-4FC8-BBE8-D0929A2765E9}.Mock|iPhone.Build.0 = Debug|Any CPU
		{073B6B1F-1027-4FC8-BBE8-D0929A2765E9}.Mock|iPhoneSimulator.ActiveCfg = Debug|Any CPU
		{073B6B1F-1027-4FC8-BBE8-D0929A2765E9}.Mock|iPhoneSimulator.Build.0 = Debug|Any CPU
		{073B6B1F-1027-4FC8-BBE8-D0929A2765E9}.Release|Any CPU.ActiveCfg = Release|Any CPU
		{073B6B1F-1027-4FC8-BBE8-D0929A2765E9}.Release|Any CPU.Build.0 = Release|Any CPU
		{073B6B1F-1027-4FC8-BBE8-D0929A2765E9}.Release|iPhone.ActiveCfg = Release|Any CPU
		{073B6B1F-1027-4FC8-BBE8-D0929A2765E9}.Release|iPhone.Build.0 = Release|Any CPU
		{073B6B1F-1027-4FC8-BBE8-D0929A2765E9}.Release|iPhoneSimulator.ActiveCfg = Release|Any CPU
		{073B6B1F-1027-4FC8-BBE8-D0929A2765E9}.Release|iPhoneSimulator.Build.0 = Release|Any CPU
	EndGlobalSection
	GlobalSection(SolutionProperties) = preSolution
		HideSolutionNode = FALSE
	EndGlobalSection
	GlobalSection(NestedProjects) = preSolution
		{1C18B352-3D51-469F-A0FF-A2D365C3E419} = {AA4C4797-494F-409D-A08A-793A1ED1178C}
		{F2EABCC5-9CC2-4F39-8B22-A13C6A2A3E2C} = {AA4C4797-494F-409D-A08A-793A1ED1178C}
		{E71F3053-056C-4381-9638-048ED73BDFF6} = {AA4C4797-494F-409D-A08A-793A1ED1178C}
		{53624827-EAB7-45A8-A0C5-0C6A5BB43F3F} = {E0321E34-BC7E-4B58-9D37-729370CF0B51}
		{6CFF628A-B51D-437C-B37E-21E198B06D19} = {E0321E34-BC7E-4B58-9D37-729370CF0B51}
		{A385262A-2706-40AC-8303-D5B23C34F2E0} = {E0321E34-BC7E-4B58-9D37-729370CF0B51}
		{073B6B1F-1027-4FC8-BBE8-D0929A2765E9} = {AA4C4797-494F-409D-A08A-793A1ED1178C}
	EndGlobalSection
	GlobalSection(ExtensibilityGlobals) = postSolution
		SolutionGuid = {DA5CA264-9C83-48CB-8DF8-A9DB7C9DA89E}
	EndGlobalSection
	GlobalSection(MonoDevelopProperties) = preSolution
		Policies = $0
		$0.DotNetNamingPolicy = $1
		$1.DirectoryNamespaceAssociation = PrefixedHierarchical
		$0.StandardHeader = $2
		$0.VersionControlPolicy = $3
	EndGlobalSection
EndGlobal
